
Microsoft Visual Studio Solution File, Format Version 12.00
# Visual Studio Version 17
VisualStudioVersion = 17.4.33110.190
MinimumVisualStudioVersion = 10.0.40219.1
Project("{FAE04EC0-301F-11D3-BF4B-00C04F79EFBC}") = "Ej.PLL", "Ej.PLL\Ej.PLL.csproj", "{FF2C4C4F-4440-452E-8038-C4FA79383AE9}"
EndProject
Project("{FAE04EC0-301F-11D3-BF4B-00C04F79EFBC}") = "Ej.BLL", "Ej.BLL\Ej.BLL.csproj", "{86E59728-8746-42D5-9093-55DFA49CF475}"
EndProject
Project("{FAE04EC0-301F-11D3-BF4B-00C04F79EFBC}") = "Practica2.Tests", "Practica2.Tests\Practica2.Tests.csproj", "{9610E4C0-294C-4089-A71E-6A4F616EA327}"
EndProject
Global
	GlobalSection(SolutionConfigurationPlatforms) = preSolution
		Debug|Any CPU = Debug|Any CPU
		Release|Any CPU = Release|Any CPU
	EndGlobalSection
	GlobalSection(ProjectConfigurationPlatforms) = postSolution
		{FF2C4C4F-4440-452E-8038-C4FA79383AE9}.Debug|Any CPU.ActiveCfg = Debug|Any CPU
		{FF2C4C4F-4440-452E-8038-C4FA79383AE9}.Debug|Any CPU.Build.0 = Debug|Any CPU
		{FF2C4C4F-4440-452E-8038-C4FA79383AE9}.Release|Any CPU.ActiveCfg = Release|Any CPU
		{FF2C4C4F-4440-452E-8038-C4FA79383AE9}.Release|Any CPU.Build.0 = Release|Any CPU
		{86E59728-8746-42D5-9093-55DFA49CF475}.Debug|Any CPU.ActiveCfg = Debug|Any CPU
		{86E59728-8746-42D5-9093-55DFA49CF475}.Debug|Any CPU.Build.0 = Debug|Any CPU
		{86E59728-8746-42D5-9093-55DFA49CF475}.Release|Any CPU.ActiveCfg = Release|Any CPU
		{86E59728-8746-42D5-9093-55DFA49CF475}.Release|Any CPU.Build.0 = Release|Any CPU
		{9610E4C0-294C-4089-A71E-6A4F616EA327}.Debug|Any CPU.ActiveCfg = Debug|Any CPU
		{9610E4C0-294C-4089-A71E-6A4F616EA327}.Debug|Any CPU.Build.0 = Debug|Any CPU
		{9610E4C0-294C-4089-A71E-6A4F616EA327}.Release|Any CPU.ActiveCfg = Release|Any CPU
		{9610E4C0-294C-4089-A71E-6A4F616EA327}.Release|Any CPU.Build.0 = Release|Any CPU
	EndGlobalSection
	GlobalSection(SolutionProperties) = preSolution
		HideSolutionNode = FALSE
	EndGlobalSection
	GlobalSection(ExtensibilityGlobals) = postSolution
		SolutionGuid = {95EAB330-D723-476F-99C4-469F0EE144B2}
	EndGlobalSection
EndGlobal
