
Microsoft Visual Studio Solution File, Format Version 12.00
# Visual Studio Version 17
VisualStudioVersion = 17.4.33110.190
MinimumVisualStudioVersion = 10.0.40219.1
Project("{FAE04EC0-301F-11D3-BF4B-00C04F79EFBC}") = "Northwind.UI", "Northwind.UI\Northwind.UI.csproj", "{2EA98462-ACB4-4EFF-BF37-A00E34EE151B}"
EndProject
Project("{FAE04EC0-301F-11D3-BF4B-00C04F79EFBC}") = "Northwind.Logic", "Northwind.Logic\Northwind.Logic.csproj", "{044D68E2-83A0-4713-A11A-246BEBD38780}"
EndProject
Project("{FAE04EC0-301F-11D3-BF4B-00C04F79EFBC}") = "Northwind.Entities", "Northwind.Entities\Northwind.Entities.csproj", "{94837D70-6FDA-4F51-AD7C-4CDC362ED3EF}"
EndProject
Project("{FAE04EC0-301F-11D3-BF4B-00C04F79EFBC}") = "Northwind.Data", "Northwind.Data\Northwind.Data.csproj", "{C2A41664-F4C3-4248-822E-05CE20402542}"
EndProject
Global
	GlobalSection(SolutionConfigurationPlatforms) = preSolution
		Debug|Any CPU = Debug|Any CPU
		Release|Any CPU = Release|Any CPU
	EndGlobalSection
	GlobalSection(ProjectConfigurationPlatforms) = postSolution
		{2EA98462-ACB4-4EFF-BF37-A00E34EE151B}.Debug|Any CPU.ActiveCfg = Debug|Any CPU
		{2EA98462-ACB4-4EFF-BF37-A00E34EE151B}.Debug|Any CPU.Build.0 = Debug|Any CPU
		{2EA98462-ACB4-4EFF-BF37-A00E34EE151B}.Release|Any CPU.ActiveCfg = Release|Any CPU
		{2EA98462-ACB4-4EFF-BF37-A00E34EE151B}.Release|Any CPU.Build.0 = Release|Any CPU
		{044D68E2-83A0-4713-A11A-246BEBD38780}.Debug|Any CPU.ActiveCfg = Debug|Any CPU
		{044D68E2-83A0-4713-A11A-246BEBD38780}.Debug|Any CPU.Build.0 = Debug|Any CPU
		{044D68E2-83A0-4713-A11A-246BEBD38780}.Release|Any CPU.ActiveCfg = Release|Any CPU
		{044D68E2-83A0-4713-A11A-246BEBD38780}.Release|Any CPU.Build.0 = Release|Any CPU
		{94837D70-6FDA-4F51-AD7C-4CDC362ED3EF}.Debug|Any CPU.ActiveCfg = Debug|Any CPU
		{94837D70-6FDA-4F51-AD7C-4CDC362ED3EF}.Debug|Any CPU.Build.0 = Debug|Any CPU
		{94837D70-6FDA-4F51-AD7C-4CDC362ED3EF}.Release|Any CPU.ActiveCfg = Release|Any CPU
		{94837D70-6FDA-4F51-AD7C-4CDC362ED3EF}.Release|Any CPU.Build.0 = Release|Any CPU
		{C2A41664-F4C3-4248-822E-05CE20402542}.Debug|Any CPU.ActiveCfg = Debug|Any CPU
		{C2A41664-F4C3-4248-822E-05CE20402542}.Debug|Any CPU.Build.0 = Debug|Any CPU
		{C2A41664-F4C3-4248-822E-05CE20402542}.Release|Any CPU.ActiveCfg = Release|Any CPU
		{C2A41664-F4C3-4248-822E-05CE20402542}.Release|Any CPU.Build.0 = Release|Any CPU
	EndGlobalSection
	GlobalSection(SolutionProperties) = preSolution
		HideSolutionNode = FALSE
	EndGlobalSection
	GlobalSection(ExtensibilityGlobals) = postSolution
		SolutionGuid = {95EAB330-D723-476F-99C4-469F0EE144B2}
	EndGlobalSection
EndGlobal
