
Microsoft Visual Studio Solution File, Format Version 12.00
# Visual Studio Version 17
VisualStudioVersion = 17.4.33110.190
MinimumVisualStudioVersion = 10.0.40219.1
Project("{FAE04EC0-301F-11D3-BF4B-00C04F79EFBC}") = "HelloWorld", "HelloWorld.csproj", "{919EBBBC-9038-42DF-B09E-A079DAA595B1}"
EndProject
Global
	GlobalSection(SolutionConfigurationPlatforms) = preSolution
		Debug|Any CPU = Debug|Any CPU
		Release|Any CPU = Release|Any CPU
	EndGlobalSection
	GlobalSection(ProjectConfigurationPlatforms) = postSolution
		{919EBBBC-9038-42DF-B09E-A079DAA595B1}.Debug|Any CPU.ActiveCfg = Debug|Any CPU
		{919EBBBC-9038-42DF-B09E-A079DAA595B1}.Debug|Any CPU.Build.0 = Debug|Any CPU
		{919EBBBC-9038-42DF-B09E-A079DAA595B1}.Release|Any CPU.ActiveCfg = Release|Any CPU
		{919EBBBC-9038-42DF-B09E-A079DAA595B1}.Release|Any CPU.Build.0 = Release|Any CPU
	EndGlobalSection
	GlobalSection(SolutionProperties) = preSolution
		HideSolutionNode = FALSE
	EndGlobalSection
	GlobalSection(ExtensibilityGlobals) = postSolution
		SolutionGuid = {95EAB330-D723-476F-99C4-469F0EE144B2}
	EndGlobalSection
EndGlobal
